
Microsoft Visual Studio Solution File, Format Version 12.00
# Visual Studio 14
VisualStudioVersion = 14.0.25420.1
MinimumVisualStudioVersion = 10.0.40219.1
Project("{FAE04EC0-301F-11D3-BF4B-00C04F79EFBC}") = "WpfApplication1", "WpfApplication1\WpfApplication1.csproj", "{9C4E9314-2E4C-4FB5-9274-C81D8A6B098A}"
EndProject
Global
	GlobalSection(SolutionConfigurationPlatforms) = preSolution
		Debug|Any CPU = Debug|Any CPU
		Release|Any CPU = Release|Any CPU
	EndGlobalSection
	GlobalSection(ProjectConfigurationPlatforms) = postSolution
		{47DA5EB9-F850-437E-9AAB-8DAACBB0DF78}.Debug|Any CPU.ActiveCfg = Debug|Any CPU
		{47DA5EB9-F850-437E-9AAB-8DAACBB0DF78}.Debug|Any CPU.Build.0 = Debug|Any CPU
		{47DA5EB9-F850-437E-9AAB-8DAACBB0DF78}.Release|Any CPU.ActiveCfg = Release|Any CPU
		{47DA5EB9-F850-437E-9AAB-8DAACBB0DF78}.Release|Any CPU.Build.0 = Release|Any CPU
		{9C4E9314-2E4C-4FB5-9274-C81D8A6B098A}.Debug|Any CPU.ActiveCfg = Debug|Any CPU
		{9C4E9314-2E4C-4FB5-9274-C81D8A6B098A}.Debug|Any CPU.Build.0 = Debug|Any CPU
		{9C4E9314-2E4C-4FB5-9274-C81D8A6B098A}.Release|Any CPU.ActiveCfg = Release|Any CPU
		{9C4E9314-2E4C-4FB5-9274-C81D8A6B098A}.Release|Any CPU.Build.0 = Release|Any CPU
		{3F851F40-3150-4B0D-A93F-FA53D46CE1D6}.Debug|Any CPU.ActiveCfg = Debug|Any CPU
		{3F851F40-3150-4B0D-A93F-FA53D46CE1D6}.Debug|Any CPU.Build.0 = Debug|Any CPU
		{3F851F40-3150-4B0D-A93F-FA53D46CE1D6}.Release|Any CPU.ActiveCfg = Release|Any CPU
		{3F851F40-3150-4B0D-A93F-FA53D46CE1D6}.Release|Any CPU.Build.0 = Release|Any CPU
	EndGlobalSection
	GlobalSection(SolutionProperties) = preSolution
		HideSolutionNode = FALSE
	EndGlobalSection
EndGlobal
